{
  "lockfileVersion": 1,
  "configVersion": 1,
  "workspaces": {
    "": {
      "name": "@basmilius/homey-common",
      "devDependencies": {
        "@basmilius/tools": "^3.15.0",
        "@basmilius/utils": "^3.15.0",
        "@types/bun": "^1.3.11",
        "@types/homey": "npm:homey-apps-sdk-v3-types@^0.3.12",
        "@types/luxon": "^3.7.1",
        "@types/node": "^25.5.2",
        "luxon": "^3.7.2",
        "typescript": "^6.0.2",
      },
    },
  },
  "packages": {
    "@basmilius/tools": ["@basmilius/tools@3.16.0", "", { "dependencies": { "oxc-transform": "^0.123.0" } }, "sha512-Fy9CoZDvOqJr96SYAz8hKu1UprXVyN+K+W6Gtn7lXdKqRNaB1EGlcgQu5b4QlRsH0EX7NBC9IBb2seYF4uB1+Q=="],

    "@basmilius/utils": ["@basmilius/utils@3.16.0", "", { "dependencies": { "luxon": "^3.7.2" } }, "sha512-92MhIxOoMC/Mvx3DXUWrj8Yd4FyQQ0h5AHox/WYnFGyyQB2JJeGYHMWY5s1DwWmH1t7g+G4Wvz/ofvQh0rwQEQ=="],

    "@emnapi/core": ["@emnapi/core@1.7.1", "", { "dependencies": { "@emnapi/wasi-threads": "1.1.0", "tslib": "^2.4.0" } }, "sha512-o1uhUASyo921r2XtHYOHy7gdkGLge8ghBEQHMWmyJFoXlpU58kIrhhN3w26lpQb6dspetweapMn2CSNwQ8I4wg=="],

    "@emnapi/runtime": ["@emnapi/runtime@1.7.1", "", { "dependencies": { "tslib": "^2.4.0" } }, "sha512-PVtJr5CmLwYAU9PZDMITZoR5iAOShYREoR45EyyLrbntV50mdePTgUn4AmOw90Ifcj+x2kRjdzr1HP3RrNiHGA=="],

    "@emnapi/wasi-threads": ["@emnapi/wasi-threads@1.1.0", "", { "dependencies": { "tslib": "^2.4.0" } }, "sha512-WI0DdZ8xFSbgMjR1sFsKABJ/C5OnRrjT06JXbZKexJGrDuPTzZdDYfFlsgcCXCyf+suG5QU2e/y1Wo2V/OapLQ=="],

    "@napi-rs/wasm-runtime": ["@napi-rs/wasm-runtime@1.1.3", "", { "dependencies": { "@tybys/wasm-util": "^0.10.1" }, "peerDependencies": { "@emnapi/core": "^1.7.1", "@emnapi/runtime": "^1.7.1" } }, "sha512-xK9sGVbJWYb08+mTJt3/YV24WxvxpXcXtP6B172paPZ+Ts69Re9dAr7lKwJoeIx8OoeuimEiRZ7umkiUVClmmQ=="],

    "@oxc-transform/binding-android-arm-eabi": ["@oxc-transform/binding-android-arm-eabi@0.123.0", "", { "os": "android", "cpu": "arm" }, "sha512-glB9LSiKsRmhb8yuBcbaCByx+JQ/KbAZe9U5+iUuLuLaRr7llg/saPybaDiiEaz3IcVxnodKgsA4IxUnPV3+fw=="],

    "@oxc-transform/binding-android-arm64": ["@oxc-transform/binding-android-arm64@0.123.0", "", { "os": "android", "cpu": "arm64" }, "sha512-qge60UoJalkq8ftU9vHyq5Xu+kDtPF8sSSqQavzNWURGFLtXKyuxSl+7ovTurvUAwgVkaHcvEZsXWip71tKlqg=="],

    "@oxc-transform/binding-darwin-arm64": ["@oxc-transform/binding-darwin-arm64@0.123.0", "", { "os": "darwin", "cpu": "arm64" }, "sha512-uJv6bgXTwVlJvmYmGjv/IeAPUn5MTUeU8Uf+nLEUpPW0QDP0g7ttZWEI+OjY9seHO0DQ5dNi0+wzcTCk+UmoJA=="],

    "@oxc-transform/binding-darwin-x64": ["@oxc-transform/binding-darwin-x64@0.123.0", "", { "os": "darwin", "cpu": "x64" }, "sha512-Bkm2zhQ10D9xI/ZyMErQi3GOWouYMR8SqI+yvBggLz/EE1moo0Hpm0qQTJYwpFsi+uO64tAu1asaNKxCmVpaFw=="],

    "@oxc-transform/binding-freebsd-x64": ["@oxc-transform/binding-freebsd-x64@0.123.0", "", { "os": "freebsd", "cpu": "x64" }, "sha512-pEbYQN2OPHL6khErdZ6Q0XI+VriAz1TZglm9euj4qX2a30PobOyzebaHEZMpmiPTS82rB6kPcSjsBbjY4bXVaA=="],

    "@oxc-transform/binding-linux-arm-gnueabihf": ["@oxc-transform/binding-linux-arm-gnueabihf@0.123.0", "", { "os": "linux", "cpu": "arm" }, "sha512-oEZS8HsrtHON4ph/a35ILBH4Nra5Y0uP3CsGOc7SUSftEt8GZ+Xr3lXj67ZXsEZiZbsw3cUte23YhUf09nfaFQ=="],

    "@oxc-transform/binding-linux-arm-musleabihf": ["@oxc-transform/binding-linux-arm-musleabihf@0.123.0", "", { "os": "linux", "cpu": "arm" }, "sha512-869HBeT1tXl6GsmxZJTET7Lbx6hW8XoM8pw6PyTQ82GjodFSlk6if4rWifYNrPOsgMw1/q4mwYJcX850eFPJow=="],

    "@oxc-transform/binding-linux-arm64-gnu": ["@oxc-transform/binding-linux-arm64-gnu@0.123.0", "", { "os": "linux", "cpu": "arm64" }, "sha512-4OUNnatZNNvMwnylsfr+IeaCByBKiXPk4wQFMUf0xS8cUnOdjOtb6qMQ94nWuPA9d+Ywu32qfY+N4Fdaf3sNRA=="],

    "@oxc-transform/binding-linux-arm64-musl": ["@oxc-transform/binding-linux-arm64-musl@0.123.0", "", { "os": "linux", "cpu": "arm64" }, "sha512-C54h8AoUpwzw3+Ge+Vv2YYuuVh7XwVB5Mi/KiwByPPS/WFoJpmkSPvtFeAazdYbo4iKEGLrRI8vt+gEib1lDMw=="],

    "@oxc-transform/binding-linux-ppc64-gnu": ["@oxc-transform/binding-linux-ppc64-gnu@0.123.0", "", { "os": "linux", "cpu": "ppc64" }, "sha512-X+obOgFjX/61UZ1Wm5ncNZYC43R3bV9eU7DdCAEO6VXubSXcwIjxaf3QrUvBDYPifrdWSy/OerzJbhI9TgHYPg=="],

    "@oxc-transform/binding-linux-riscv64-gnu": ["@oxc-transform/binding-linux-riscv64-gnu@0.123.0", "", { "os": "linux", "cpu": "none" }, "sha512-EzerdFa2KvEzYHuzFp9W/KZaulI4OIKE8FIC0X21V757ljZKRfskIqtGAFX/CAvoIF3C2zNepDWFZlpcJ5nJ1g=="],

    "@oxc-transform/binding-linux-riscv64-musl": ["@oxc-transform/binding-linux-riscv64-musl@0.123.0", "", { "os": "linux", "cpu": "none" }, "sha512-WFh7tcPYqxo2YQXnIuQ/ZZ4uFHeR06tDEFD8qNl1egRrqTZskHvV/NBelOthfHmkizWiGJx8ZnvN69UrL3q12A=="],

    "@oxc-transform/binding-linux-s390x-gnu": ["@oxc-transform/binding-linux-s390x-gnu@0.123.0", "", { "os": "linux", "cpu": "s390x" }, "sha512-A5ahPjG/2Zg5/3RndWRSaKO/9uIirjYuv8OBWa+HBA1Im607dCceSfc9k1PCHt0MdjtsfiyArO+kk2TP5R0Ebg=="],

    "@oxc-transform/binding-linux-x64-gnu": ["@oxc-transform/binding-linux-x64-gnu@0.123.0", "", { "os": "linux", "cpu": "x64" }, "sha512-9g1rEynmIh0qkJWc/1Zbd1VRFzYkk6KcmwcCoq3hslgGBIJEvrjPlP7cQgAiCaTFCVjfoPYWAy+5xjf9sCNY1g=="],

    "@oxc-transform/binding-linux-x64-musl": ["@oxc-transform/binding-linux-x64-musl@0.123.0", "", { "os": "linux", "cpu": "x64" }, "sha512-/eoNDuGDfEjNVqmgDNkFlGmoo5MOnRxaO9IhwKyWoXXUn7tzA5C45op7Kv/Njb6BcGr4RN2KH7OjsEAqjMDmuA=="],

    "@oxc-transform/binding-openharmony-arm64": ["@oxc-transform/binding-openharmony-arm64@0.123.0", "", { "os": "none", "cpu": "arm64" }, "sha512-rGeHHsE/KZ7G/iEtSsQAk4HZ3Wl2v4oMgcOjSvlVJejl+5ttUcKAjxgW2j+c1zFREJVpCHEyspi3fFxJkdJ/Ww=="],

    "@oxc-transform/binding-wasm32-wasi": ["@oxc-transform/binding-wasm32-wasi@0.123.0", "", { "dependencies": { "@napi-rs/wasm-runtime": "^1.1.2" }, "cpu": "none" }, "sha512-JMFXeeWvFDioW2gP9dgD6LDbPmCMCrXNwDWMAXcKDmZILx0rARt+z79GACKTBSyyKURkYGe3+wJj+oI3JKnvug=="],

    "@oxc-transform/binding-win32-arm64-msvc": ["@oxc-transform/binding-win32-arm64-msvc@0.123.0", "", { "os": "win32", "cpu": "arm64" }, "sha512-hSQ7VokhPAO0NMrsRz+2Zh4fcxx28qFlX78/7jG/+tWZgiB/aEukadf3XPcYQ3ymqoL8SvDN3nQ7bNTHAiZSCg=="],

    "@oxc-transform/binding-win32-ia32-msvc": ["@oxc-transform/binding-win32-ia32-msvc@0.123.0", "", { "os": "win32", "cpu": "ia32" }, "sha512-7bIydPGt68qdfPXYLzBHYUia8Wi0dP6g/8zmrXN1HfUugkdt4Kh121fmw4KH+kcIT1BTICDHcXU4bJ6k3QmSgg=="],

    "@oxc-transform/binding-win32-x64-msvc": ["@oxc-transform/binding-win32-x64-msvc@0.123.0", "", { "os": "win32", "cpu": "x64" }, "sha512-pVmtG6GGI3eZ5J4NP75rR5yA1EuwEq+94kBQipq1rZXsukj6ghNkd3OGgzOA+W/fQL3V9AlnY9BriqCT21eVQw=="],

    "@tybys/wasm-util": ["@tybys/wasm-util@0.10.1", "", { "dependencies": { "tslib": "^2.4.0" } }, "sha512-9tTaPJLSiejZKx+Bmog4uSubteqTvFrVrURwkmHixBo0G4seD0zUxp98E1DzUBJxLQ3NPwXrGKDiVjwx/DpPsg=="],

    "@types/bun": ["@types/bun@1.3.11", "", { "dependencies": { "bun-types": "1.3.11" } }, "sha512-5vPne5QvtpjGpsGYXiFyycfpDF2ECyPcTSsFBMa0fraoxiQyMJ3SmuQIGhzPg2WJuWxVBoxWJ2kClYTcw/4fAg=="],

    "@types/homey": ["homey-apps-sdk-v3-types@0.3.12", "", { "dependencies": { "@types/node": "^14.14.20" } }, "sha512-xr275VoF7FAiTi6PzElqHWpuGgSBY9hZFZsKeCTA4rluopf8sVk6zUPa+giSRSTiTrN3N3QjmHD5lUoNVwYd4g=="],

    "@types/luxon": ["@types/luxon@3.7.1", "", {}, "sha512-H3iskjFIAn5SlJU7OuxUmTEpebK6TKB8rxZShDslBMZJ5u9S//KM1sbdAisiSrqwLQncVjnpi2OK2J51h+4lsg=="],

    "@types/node": ["@types/node@25.6.0", "", { "dependencies": { "undici-types": "~7.19.0" } }, "sha512-+qIYRKdNYJwY3vRCZMdJbPLJAtGjQBudzZzdzwQYkEPQd+PJGixUL5QfvCLDaULoLv+RhT3LDkwEfKaAkgSmNQ=="],

    "bun-types": ["bun-types@1.3.11", "", { "dependencies": { "@types/node": "*" } }, "sha512-1KGPpoxQWl9f6wcZh57LvrPIInQMn2TQ7jsgxqpRzg+l0QPOFvJVH7HmvHo/AiPgwXy+/Thf6Ov3EdVn1vOabg=="],

    "luxon": ["luxon@3.7.2", "", {}, "sha512-vtEhXh/gNjI9Yg1u4jX/0YVPMvxzHuGgCm6tC5kZyb08yjGWGnqAjGJvcXbqQR2P3MyMEFnRbpcdFS6PBcLqew=="],

    "oxc-transform": ["oxc-transform@0.123.0", "", { "optionalDependencies": { "@oxc-transform/binding-android-arm-eabi": "0.123.0", "@oxc-transform/binding-android-arm64": "0.123.0", "@oxc-transform/binding-darwin-arm64": "0.123.0", "@oxc-transform/binding-darwin-x64": "0.123.0", "@oxc-transform/binding-freebsd-x64": "0.123.0", "@oxc-transform/binding-linux-arm-gnueabihf": "0.123.0", "@oxc-transform/binding-linux-arm-musleabihf": "0.123.0", "@oxc-transform/binding-linux-arm64-gnu": "0.123.0", "@oxc-transform/binding-linux-arm64-musl": "0.123.0", "@oxc-transform/binding-linux-ppc64-gnu": "0.123.0", "@oxc-transform/binding-linux-riscv64-gnu": "0.123.0", "@oxc-transform/binding-linux-riscv64-musl": "0.123.0", "@oxc-transform/binding-linux-s390x-gnu": "0.123.0", "@oxc-transform/binding-linux-x64-gnu": "0.123.0", "@oxc-transform/binding-linux-x64-musl": "0.123.0", "@oxc-transform/binding-openharmony-arm64": "0.123.0", "@oxc-transform/binding-wasm32-wasi": "0.123.0", "@oxc-transform/binding-win32-arm64-msvc": "0.123.0", "@oxc-transform/binding-win32-ia32-msvc": "0.123.0", "@oxc-transform/binding-win32-x64-msvc": "0.123.0" } }, "sha512-uuuNWbCDv391SEeF2id/TvSAMUKU8U9347cbNcpRkwcv5sobBS6C5kXE0ZLuxVEUlWatr2kfsolrA10zdPogDg=="],

    "tslib": ["tslib@2.8.1", "", {}, "sha512-oJFu94HQb+KVduSUQL7wnpmqnfmLsOA/nAh6b6EH0wCEoK0/mPeXU6c3wKDV83MkOuHPRHtSXKKU99IBazS/2w=="],

    "typescript": ["typescript@6.0.2", "", { "bin": { "tsc": "bin/tsc", "tsserver": "bin/tsserver" } }, "sha512-bGdAIrZ0wiGDo5l8c++HWtbaNCWTS4UTv7RaTH/ThVIgjkveJt83m74bBHMJkuCbslY8ixgLBVZJIOiQlQTjfQ=="],

    "undici-types": ["undici-types@7.19.2", "", {}, "sha512-qYVnV5OEm2AW8cJMCpdV20CDyaN3g0AjDlOGf1OW4iaDEx8MwdtChUp4zu4H0VP3nDRF/8RKWH+IPp9uW0YGZg=="],

    "@types/homey/@types/node": ["@types/node@14.18.63", "", {}, "sha512-fAtCfv4jJg+ExtXhvCkCqUKZ+4ok/JQk01qDKhL5BDDoS3AxKXhV5/MAVUZyQnSEd2GT92fkgZl0pz0Q0AzcIQ=="],

    "bun-types/@types/node": ["@types/node@25.5.0", "", { "dependencies": { "undici-types": "~7.18.0" } }, "sha512-jp2P3tQMSxWugkCUKLRPVUpGaL5MVFwF8RDuSRztfwgN1wmqJeMSbKlnEtQqU8UrhTmzEmZdu2I6v2dpp7XIxw=="],

    "bun-types/@types/node/undici-types": ["undici-types@7.18.2", "", {}, "sha512-AsuCzffGHJybSaRrmr5eHr81mwJU3kjw6M+uprWvCXiNeN9SOGwQ3Jn8jb8m3Z6izVgknn1R0FTCEAP2QrLY/w=="],
  }
}
